// !$*UTF8*$!
{
	archiveVersion = 1;
	classes = {
	};
	objectVersion = 51;
	objects = {

/* Begin PBXBuildFile section */
		284E33E6239C16A300C7D2CB /* Strings.swift in Sources */ = {isa = PBXBuildFile; fileRef = 284E33E5239C16A300C7D2CB /* Strings.swift */; };
		28904AFD237E23D900588F06 /* AppDelegate.swift in Sources */ = {isa = PBXBuildFile; fileRef = 28904AFC237E23D900588F06 /* AppDelegate.swift */; };
		28904B01237E23D900588F06 /* ViewController.swift in Sources */ = {isa = PBXBuildFile; fileRef = 28904B00237E23D900588F06 /* ViewController.swift */; };
		28904B04237E23D900588F06 /* Main.storyboard in Resources */ = {isa = PBXBuildFile; fileRef = 28904B02237E23D900588F06 /* Main.storyboard */; };
		28904B06237E23DA00588F06 /* Assets.xcassets in Resources */ = {isa = PBXBuildFile; fileRef = 28904B05237E23DA00588F06 /* Assets.xcassets */; };
		28904B09237E23DA00588F06 /* LaunchScreen.storyboard in Resources */ = {isa = PBXBuildFile; fileRef = 28904B07237E23DA00588F06 /* LaunchScreen.storyboard */; };
		28904B11237E29B800588F06 /* Session.swift in Sources */ = {isa = PBXBuildFile; fileRef = 28904B10237E29B800588F06 /* Session.swift */; };
		28904B15237E2C0F00588F06 /* SessionCollectionViewCell.swift in Sources */ = {isa = PBXBuildFile; fileRef = 28904B14237E2C0F00588F06 /* SessionCollectionViewCell.swift */; };
		28904B17237E412400588F06 /* NetworkManager.swift in Sources */ = {isa = PBXBuildFile; fileRef = 28904B16237E412400588F06 /* NetworkManager.swift */; };
		28904B19238061B400588F06 /* InputViewController.swift in Sources */ = {isa = PBXBuildFile; fileRef = 28904B18238061B400588F06 /* InputViewController.swift */; };
		28904B1B238064FF00588F06 /* RootViewController.swift in Sources */ = {isa = PBXBuildFile; fileRef = 28904B1A238064FF00588F06 /* RootViewController.swift */; };
		28904B1D23806E5E00588F06 /* CellViewController.swift in Sources */ = {isa = PBXBuildFile; fileRef = 28904B1C23806E5E00588F06 /* CellViewController.swift */; };
		28904B1F238093C400588F06 /* SessionInfoViewController.swift in Sources */ = {isa = PBXBuildFile; fileRef = 28904B1E238093C400588F06 /* SessionInfoViewController.swift */; };
		28F6991B2389AF8E00F5FE8A /* SelectPictureViewController.swift in Sources */ = {isa = PBXBuildFile; fileRef = 28F6991A2389AF8E00F5FE8A /* SelectPictureViewController.swift */; };
		28F6991D2389AFF000F5FE8A /* ImageCollectionViewCell.swift in Sources */ = {isa = PBXBuildFile; fileRef = 28F6991C2389AFF000F5FE8A /* ImageCollectionViewCell.swift */; };
		28F6991F2389B14C00F5FE8A /* Image.swift in Sources */ = {isa = PBXBuildFile; fileRef = 28F6991E2389B14C00F5FE8A /* Image.swift */; };
		841A3BA92381F40E00EDDC95 /* SetLocation.swift in Sources */ = {isa = PBXBuildFile; fileRef = 841A3BA82381F40E00EDDC95 /* SetLocation.swift */; };
		845F1CAD239C48C200ED31CB /* FavSessionInfoViewController.swift in Sources */ = {isa = PBXBuildFile; fileRef = 845F1CAC239C48C200ED31CB /* FavSessionInfoViewController.swift */; };
		84DBCE202380D94E000525F8 /* MySessionViewController.swift in Sources */ = {isa = PBXBuildFile; fileRef = 84DBCE1F2380D94E000525F8 /* MySessionViewController.swift */; };
		B9A86CE1D68EFD7C2CB691A0 /* Pods_StudySession.framework in Frameworks */ = {isa = PBXBuildFile; fileRef = 17D0CC242B8A03132802A4B2 /* Pods_StudySession.framework */; };
/* End PBXBuildFile section */

/* Begin PBXFileReference section */
		17D0CC242B8A03132802A4B2 /* Pods_StudySession.framework */ = {isa = PBXFileReference; explicitFileType = wrapper.framework; includeInIndex = 0; path = Pods_StudySession.framework; sourceTree = BUILT_PRODUCTS_DIR; };
		284E33E5239C16A300C7D2CB /* Strings.swift */ = {isa = PBXFileReference; lastKnownFileType = sourcecode.swift; path = Strings.swift; sourceTree = "<group>"; };
		28904AF9237E23D800588F06 /* StudySession.app */ = {isa = PBXFileReference; explicitFileType = wrapper.application; includeInIndex = 0; path = StudySession.app; sourceTree = BUILT_PRODUCTS_DIR; };
		28904AFC237E23D900588F06 /* AppDelegate.swift */ = {isa = PBXFileReference; lastKnownFileType = sourcecode.swift; path = AppDelegate.swift; sourceTree = "<group>"; };
		28904B00237E23D900588F06 /* ViewController.swift */ = {isa = PBXFileReference; lastKnownFileType = sourcecode.swift; path = ViewController.swift; sourceTree = "<group>"; };
		28904B03237E23D900588F06 /* Base */ = {isa = PBXFileReference; lastKnownFileType = file.storyboard; name = Base; path = Base.lproj/Main.storyboard; sourceTree = "<group>"; };
		28904B05237E23DA00588F06 /* Assets.xcassets */ = {isa = PBXFileReference; lastKnownFileType = folder.assetcatalog; path = Assets.xcassets; sourceTree = "<group>"; };
		28904B08237E23DA00588F06 /* Base */ = {isa = PBXFileReference; lastKnownFileType = file.storyboard; name = Base; path = Base.lproj/LaunchScreen.storyboard; sourceTree = "<group>"; };
		28904B0A237E23DA00588F06 /* Info.plist */ = {isa = PBXFileReference; lastKnownFileType = text.plist.xml; path = Info.plist; sourceTree = "<group>"; };
		28904B10237E29B800588F06 /* Session.swift */ = {isa = PBXFileReference; lastKnownFileType = sourcecode.swift; path = Session.swift; sourceTree = "<group>"; };
		28904B14237E2C0F00588F06 /* SessionCollectionViewCell.swift */ = {isa = PBXFileReference; lastKnownFileType = sourcecode.swift; path = SessionCollectionViewCell.swift; sourceTree = "<group>"; };
		28904B16237E412400588F06 /* NetworkManager.swift */ = {isa = PBXFileReference; lastKnownFileType = sourcecode.swift; path = NetworkManager.swift; sourceTree = "<group>"; };
		28904B18238061B400588F06 /* InputViewController.swift */ = {isa = PBXFileReference; lastKnownFileType = sourcecode.swift; path = InputViewController.swift; sourceTree = "<group>"; };
		28904B1A238064FF00588F06 /* RootViewController.swift */ = {isa = PBXFileReference; lastKnownFileType = sourcecode.swift; path = RootViewController.swift; sourceTree = "<group>"; };
		28904B1C23806E5E00588F06 /* CellViewController.swift */ = {isa = PBXFileReference; lastKnownFileType = sourcecode.swift; path = CellViewController.swift; sourceTree = "<group>"; };
		28904B1E238093C400588F06 /* SessionInfoViewController.swift */ = {isa = PBXFileReference; lastKnownFileType = sourcecode.swift; path = SessionInfoViewController.swift; sourceTree = "<group>"; };
		28F6991A2389AF8E00F5FE8A /* SelectPictureViewController.swift */ = {isa = PBXFileReference; lastKnownFileType = sourcecode.swift; path = SelectPictureViewController.swift; sourceTree = "<group>"; };
		28F6991C2389AFF000F5FE8A /* ImageCollectionViewCell.swift */ = {isa = PBXFileReference; lastKnownFileType = sourcecode.swift; path = ImageCollectionViewCell.swift; sourceTree = "<group>"; };
		28F6991E2389B14C00F5FE8A /* Image.swift */ = {isa = PBXFileReference; lastKnownFileType = sourcecode.swift; path = Image.swift; sourceTree = "<group>"; };
		78DB6414694346DFF48FD6F7 /* Pods-StudySession.release.xcconfig */ = {isa = PBXFileReference; includeInIndex = 1; lastKnownFileType = text.xcconfig; name = "Pods-StudySession.release.xcconfig"; path = "Target Support Files/Pods-StudySession/Pods-StudySession.release.xcconfig"; sourceTree = "<group>"; };
		841A3BA82381F40E00EDDC95 /* SetLocation.swift */ = {isa = PBXFileReference; lastKnownFileType = sourcecode.swift; path = SetLocation.swift; sourceTree = "<group>"; };
		845F1CAC239C48C200ED31CB /* FavSessionInfoViewController.swift */ = {isa = PBXFileReference; lastKnownFileType = sourcecode.swift; path = FavSessionInfoViewController.swift; sourceTree = "<group>"; };
		84DBCE1F2380D94E000525F8 /* MySessionViewController.swift */ = {isa = PBXFileReference; lastKnownFileType = sourcecode.swift; path = MySessionViewController.swift; sourceTree = "<group>"; };
		B97B0F0CC1AFB2179239D292 /* Pods-StudySession.debug.xcconfig */ = {isa = PBXFileReference; includeInIndex = 1; lastKnownFileType = text.xcconfig; name = "Pods-StudySession.debug.xcconfig"; path = "Target Support Files/Pods-StudySession/Pods-StudySession.debug.xcconfig"; sourceTree = "<group>"; };
/* End PBXFileReference section */

/* Begin PBXFrameworksBuildPhase section */
		28904AF6237E23D800588F06 /* Frameworks */ = {
			isa = PBXFrameworksBuildPhase;
			buildActionMask = 2147483647;
			files = (
				B9A86CE1D68EFD7C2CB691A0 /* Pods_StudySession.framework in Frameworks */,
			);
			runOnlyForDeploymentPostprocessing = 0;
		};
/* End PBXFrameworksBuildPhase section */

/* Begin PBXGroup section */
		1FEFF46A418658866136F727 /* Frameworks */ = {
			isa = PBXGroup;
			children = (
				17D0CC242B8A03132802A4B2 /* Pods_StudySession.framework */,
			);
			name = Frameworks;
			sourceTree = "<group>";
		};
		28904AF0237E23D800588F06 = {
			isa = PBXGroup;
			children = (
				28904AFB237E23D800588F06 /* StudySession */,
				28904AFA237E23D800588F06 /* Products */,
				7E21AE77C222E5611A71051C /* Pods */,
				1FEFF46A418658866136F727 /* Frameworks */,
			);
			sourceTree = "<group>";
		};
		28904AFA237E23D800588F06 /* Products */ = {
			isa = PBXGroup;
			children = (
				28904AF9237E23D800588F06 /* StudySession.app */,
			);
			name = Products;
			sourceTree = "<group>";
		};
		28904AFB237E23D800588F06 /* StudySession */ = {
			isa = PBXGroup;
			children = (
				28904AFC237E23D900588F06 /* AppDelegate.swift */,
				28904B1A238064FF00588F06 /* RootViewController.swift */,
				28904B14237E2C0F00588F06 /* SessionCollectionViewCell.swift */,
				28F6991C2389AFF000F5FE8A /* ImageCollectionViewCell.swift */,
				28F6991E2389B14C00F5FE8A /* Image.swift */,
				284E33E5239C16A300C7D2CB /* Strings.swift */,
				28904B10237E29B800588F06 /* Session.swift */,
				28904B00237E23D900588F06 /* ViewController.swift */,
				84DBCE1F2380D94E000525F8 /* MySessionViewController.swift */,
				28904B1C23806E5E00588F06 /* CellViewController.swift */,
				841A3BA82381F40E00EDDC95 /* SetLocation.swift */,
				28904B1E238093C400588F06 /* SessionInfoViewController.swift */,
				845F1CAC239C48C200ED31CB /* FavSessionInfoViewController.swift */,
				28904B18238061B400588F06 /* InputViewController.swift */,
				28F6991A2389AF8E00F5FE8A /* SelectPictureViewController.swift */,
				28904B16237E412400588F06 /* NetworkManager.swift */,
				28904B02237E23D900588F06 /* Main.storyboard */,
				28904B05237E23DA00588F06 /* Assets.xcassets */,
				28904B07237E23DA00588F06 /* LaunchScreen.storyboard */,
				28904B0A237E23DA00588F06 /* Info.plist */,
			);
			path = StudySession;
			sourceTree = "<group>";
		};
		7E21AE77C222E5611A71051C /* Pods */ = {
			isa = PBXGroup;
			children = (
				B97B0F0CC1AFB2179239D292 /* Pods-StudySession.debug.xcconfig */,
				78DB6414694346DFF48FD6F7 /* Pods-StudySession.release.xcconfig */,
			);
			path = Pods;
			sourceTree = "<group>";
		};
/* End PBXGroup section */

/* Begin PBXNativeTarget section */
		28904AF8237E23D800588F06 /* StudySession */ = {
			isa = PBXNativeTarget;
			buildConfigurationList = 28904B0D237E23DA00588F06 /* Build configuration list for PBXNativeTarget "StudySession" */;
			buildPhases = (
				BB934804FAE02274F166F14C /* [CP] Check Pods Manifest.lock */,
				28904AF5237E23D800588F06 /* Sources */,
				28904AF6237E23D800588F06 /* Frameworks */,
				28904AF7237E23D800588F06 /* Resources */,
				18DA251E8B3B39791E9B987D /* [CP] Embed Pods Frameworks */,
			);
			buildRules = (
			);
			dependencies = (
			);
			name = StudySession;
			productName = StudySession;
			productReference = 28904AF9237E23D800588F06 /* StudySession.app */;
			productType = "com.apple.product-type.application";
		};
/* End PBXNativeTarget section */

/* Begin PBXProject section */
		28904AF1237E23D800588F06 /* Project object */ = {
			isa = PBXProject;
			attributes = {
				LastSwiftUpdateCheck = 1100;
				LastUpgradeCheck = 1100;
				ORGANIZATIONNAME = "Jeremy Jung";
				TargetAttributes = {
					28904AF8237E23D800588F06 = {
						CreatedOnToolsVersion = 11.0;
					};
				};
			};
			buildConfigurationList = 28904AF4237E23D800588F06 /* Build configuration list for PBXProject "StudySession" */;
			compatibilityVersion = "Xcode 9.3";
			developmentRegion = en;
			hasScannedForEncodings = 0;
			knownRegions = (
				en,
				Base,
			);
			mainGroup = 28904AF0237E23D800588F06;
			productRefGroup = 28904AFA237E23D800588F06 /* Products */;
			projectDirPath = "";
			projectRoot = "";
			targets = (
				28904AF8237E23D800588F06 /* StudySession */,
			);
		};
/* End PBXProject section */

/* Begin PBXResourcesBuildPhase section */
		28904AF7237E23D800588F06 /* Resources */ = {
			isa = PBXResourcesBuildPhase;
			buildActionMask = 2147483647;
			files = (
				28904B09237E23DA00588F06 /* LaunchScreen.storyboard in Resources */,
				28904B06237E23DA00588F06 /* Assets.xcassets in Resources */,
				28904B04237E23D900588F06 /* Main.storyboard in Resources */,
			);
			runOnlyForDeploymentPostprocessing = 0;
		};
/* End PBXResourcesBuildPhase section */

/* Begin PBXShellScriptBuildPhase section */
		18DA251E8B3B39791E9B987D /* [CP] Embed Pods Frameworks */ = {
			isa = PBXShellScriptBuildPhase;
			buildActionMask = 2147483647;
			files = (
			);
			inputFileListPaths = (
				"${PODS_ROOT}/Target Support Files/Pods-StudySession/Pods-StudySession-frameworks-${CONFIGURATION}-input-files.xcfilelist",
			);
			name = "[CP] Embed Pods Frameworks";
			outputFileListPaths = (
				"${PODS_ROOT}/Target Support Files/Pods-StudySession/Pods-StudySession-frameworks-${CONFIGURATION}-output-files.xcfilelist",
			);
			runOnlyForDeploymentPostprocessing = 0;
			shellPath = /bin/sh;
			shellScript = "\"${PODS_ROOT}/Target Support Files/Pods-StudySession/Pods-StudySession-frameworks.sh\"\n";
			showEnvVarsInLog = 0;
		};
		BB934804FAE02274F166F14C /* [CP] Check Pods Manifest.lock */ = {
			isa = PBXShellScriptBuildPhase;
			buildActionMask = 2147483647;
			files = (
			);
			inputFileListPaths = (
			);
			inputPaths = (
				"${PODS_PODFILE_DIR_PATH}/Podfile.lock",
				"${PODS_ROOT}/Manifest.lock",
			);
			name = "[CP] Check Pods Manifest.lock";
			outputFileListPaths = (
			);
			outputPaths = (
				"$(DERIVED_FILE_DIR)/Pods-StudySession-checkManifestLockResult.txt",
			);
			runOnlyForDeploymentPostprocessing = 0;
			shellPath = /bin/sh;
			shellScript = "diff \"${PODS_PODFILE_DIR_PATH}/Podfile.lock\" \"${PODS_ROOT}/Manifest.lock\" > /dev/null\nif [ $? != 0 ] ; then\n    # print error to STDERR\n    echo \"error: The sandbox is not in sync with the Podfile.lock. Run 'pod install' or update your CocoaPods installation.\" >&2\n    exit 1\nfi\n# This output is used by Xcode 'outputs' to avoid re-running this script phase.\necho \"SUCCESS\" > \"${SCRIPT_OUTPUT_FILE_0}\"\n";
			showEnvVarsInLog = 0;
		};
/* End PBXShellScriptBuildPhase section */

/* Begin PBXSourcesBuildPhase section */
		28904AF5237E23D800588F06 /* Sources */ = {
			isa = PBXSourcesBuildPhase;
			buildActionMask = 2147483647;
			files = (
				28904B1F238093C400588F06 /* SessionInfoViewController.swift in Sources */,
				84DBCE202380D94E000525F8 /* MySessionViewController.swift in Sources */,
				28F6991D2389AFF000F5FE8A /* ImageCollectionViewCell.swift in Sources */,
				28904B01237E23D900588F06 /* ViewController.swift in Sources */,
				28904B15237E2C0F00588F06 /* SessionCollectionViewCell.swift in Sources */,
				28904B1D23806E5E00588F06 /* CellViewController.swift in Sources */,
				28904B17237E412400588F06 /* NetworkManager.swift in Sources */,
				284E33E6239C16A300C7D2CB /* Strings.swift in Sources */,
				28F6991F2389B14C00F5FE8A /* Image.swift in Sources */,
				28904B1B238064FF00588F06 /* RootViewController.swift in Sources */,
				28904B19238061B400588F06 /* InputViewController.swift in Sources */,
				28904AFD237E23D900588F06 /* AppDelegate.swift in Sources */,
				28F6991B2389AF8E00F5FE8A /* SelectPictureViewController.swift in Sources */,
				845F1CAD239C48C200ED31CB /* FavSessionInfoViewController.swift in Sources */,
				841A3BA92381F40E00EDDC95 /* SetLocation.swift in Sources */,
				28904B11237E29B800588F06 /* Session.swift in Sources */,
			);
			runOnlyForDeploymentPostprocessing = 0;
		};
/* End PBXSourcesBuildPhase section */

/* Begin PBXVariantGroup section */
		28904B02237E23D900588F06 /* Main.storyboard */ = {
			isa = PBXVariantGroup;
			children = (
				28904B03237E23D900588F06 /* Base */,
			);
			name = Main.storyboard;
			sourceTree = "<group>";
		};
		28904B07237E23DA00588F06 /* LaunchScreen.storyboard */ = {
			isa = PBXVariantGroup;
			children = (
				28904B08237E23DA00588F06 /* Base */,
			);
			name = LaunchScreen.storyboard;
			sourceTree = "<group>";
		};
/* End PBXVariantGroup section */

/* Begin XCBuildConfiguration section */
		28904B0B237E23DA00588F06 /* Debug */ = {
			isa = XCBuildConfiguration;
			buildSettings = {
				ALWAYS_SEARCH_USER_PATHS = NO;
				CLANG_ANALYZER_NONNULL = YES;
				CLANG_ANALYZER_NUMBER_OBJECT_CONVERSION = YES_AGGRESSIVE;
				CLANG_CXX_LANGUAGE_STANDARD = "gnu++14";
				CLANG_CXX_LIBRARY = "libc++";
				CLANG_ENABLE_MODULES = YES;
				CLANG_ENABLE_OBJC_ARC = YES;
				CLANG_ENABLE_OBJC_WEAK = YES;
				CLANG_WARN_BLOCK_CAPTURE_AUTORELEASING = YES;
				CLANG_WARN_BOOL_CONVERSION = YES;
				CLANG_WARN_COMMA = YES;
				CLANG_WARN_CONSTANT_CONVERSION = YES;
				CLANG_WARN_DEPRECATED_OBJC_IMPLEMENTATIONS = YES;
				CLANG_WARN_DIRECT_OBJC_ISA_USAGE = YES_ERROR;
				CLANG_WARN_DOCUMENTATION_COMMENTS = YES;
				CLANG_WARN_EMPTY_BODY = YES;
				CLANG_WARN_ENUM_CONVERSION = YES;
				CLANG_WARN_INFINITE_RECURSION = YES;
				CLANG_WARN_INT_CONVERSION = YES;
				CLANG_WARN_NON_LITERAL_NULL_CONVERSION = YES;
				CLANG_WARN_OBJC_IMPLICIT_RETAIN_SELF = YES;
				CLANG_WARN_OBJC_LITERAL_CONVERSION = YES;
				CLANG_WARN_OBJC_ROOT_CLASS = YES_ERROR;
				CLANG_WARN_RANGE_LOOP_ANALYSIS = YES;
				CLANG_WARN_STRICT_PROTOTYPES = YES;
				CLANG_WARN_SUSPICIOUS_MOVE = YES;
				CLANG_WARN_UNGUARDED_AVAILABILITY = YES_AGGRESSIVE;
				CLANG_WARN_UNREACHABLE_CODE = YES;
				CLANG_WARN__DUPLICATE_METHOD_MATCH = YES;
				COPY_PHASE_STRIP = NO;
				DEBUG_INFORMATION_FORMAT = dwarf;
				ENABLE_STRICT_OBJC_MSGSEND = YES;
				ENABLE_TESTABILITY = YES;
				GCC_C_LANGUAGE_STANDARD = gnu11;
				GCC_DYNAMIC_NO_PIC = NO;
				GCC_NO_COMMON_BLOCKS = YES;
				GCC_OPTIMIZATION_LEVEL = 0;
				GCC_PREPROCESSOR_DEFINITIONS = (
					"DEBUG=1",
					"$(inherited)",
				);
				GCC_WARN_64_TO_32_BIT_CONVERSION = YES;
				GCC_WARN_ABOUT_RETURN_TYPE = YES_ERROR;
				GCC_WARN_UNDECLARED_SELECTOR = YES;
				GCC_WARN_UNINITIALIZED_AUTOS = YES_AGGRESSIVE;
				GCC_WARN_UNUSED_FUNCTION = YES;
				GCC_WARN_UNUSED_VARIABLE = YES;
				IPHONEOS_DEPLOYMENT_TARGET = 13.0;
				MTL_ENABLE_DEBUG_INFO = INCLUDE_SOURCE;
				MTL_FAST_MATH = YES;
				ONLY_ACTIVE_ARCH = YES;
				SDKROOT = iphoneos;
				SWIFT_ACTIVE_COMPILATION_CONDITIONS = DEBUG;
				SWIFT_OPTIMIZATION_LEVEL = "-Onone";
			};
			name = Debug;
		};
		28904B0C237E23DA00588F06 /* Release */ = {
			isa = XCBuildConfiguration;
			buildSettings = {
				ALWAYS_SEARCH_USER_PATHS = NO;
				CLANG_ANALYZER_NONNULL = YES;
				CLANG_ANALYZER_NUMBER_OBJECT_CONVERSION = YES_AGGRESSIVE;
				CLANG_CXX_LANGUAGE_STANDARD = "gnu++14";
				CLANG_CXX_LIBRARY = "libc++";
				CLANG_ENABLE_MODULES = YES;
				CLANG_ENABLE_OBJC_ARC = YES;
				CLANG_ENABLE_OBJC_WEAK = YES;
				CLANG_WARN_BLOCK_CAPTURE_AUTORELEASING = YES;
				CLANG_WARN_BOOL_CONVERSION = YES;
				CLANG_WARN_COMMA = YES;
				CLANG_WARN_CONSTANT_CONVERSION = YES;
				CLANG_WARN_DEPRECATED_OBJC_IMPLEMENTATIONS = YES;
				CLANG_WARN_DIRECT_OBJC_ISA_USAGE = YES_ERROR;
				CLANG_WARN_DOCUMENTATION_COMMENTS = YES;
				CLANG_WARN_EMPTY_BODY = YES;
				CLANG_WARN_ENUM_CONVERSION = YES;
				CLANG_WARN_INFINITE_RECURSION = YES;
				CLANG_WARN_INT_CONVERSION = YES;
				CLANG_WARN_NON_LITERAL_NULL_CONVERSION = YES;
				CLANG_WARN_OBJC_IMPLICIT_RETAIN_SELF = YES;
				CLANG_WARN_OBJC_LITERAL_CONVERSION = YES;
				CLANG_WARN_OBJC_ROOT_CLASS = YES_ERROR;
				CLANG_WARN_RANGE_LOOP_ANALYSIS = YES;
				CLANG_WARN_STRICT_PROTOTYPES = YES;
				CLANG_WARN_SUSPICIOUS_MOVE = YES;
				CLANG_WARN_UNGUARDED_AVAILABILITY = YES_AGGRESSIVE;
				CLANG_WARN_UNREACHABLE_CODE = YES;
				CLANG_WARN__DUPLICATE_METHOD_MATCH = YES;
				COPY_PHASE_STRIP = NO;
				DEBUG_INFORMATION_FORMAT = "dwarf-with-dsym";
				ENABLE_NS_ASSERTIONS = NO;
				ENABLE_STRICT_OBJC_MSGSEND = YES;
				GCC_C_LANGUAGE_STANDARD = gnu11;
				GCC_NO_COMMON_BLOCKS = YES;
				GCC_WARN_64_TO_32_BIT_CONVERSION = YES;
				GCC_WARN_ABOUT_RETURN_TYPE = YES_ERROR;
				GCC_WARN_UNDECLARED_SELECTOR = YES;
				GCC_WARN_UNINITIALIZED_AUTOS = YES_AGGRESSIVE;
				GCC_WARN_UNUSED_FUNCTION = YES;
				GCC_WARN_UNUSED_VARIABLE = YES;
				IPHONEOS_DEPLOYMENT_TARGET = 13.0;
				MTL_ENABLE_DEBUG_INFO = NO;
				MTL_FAST_MATH = YES;
				SDKROOT = iphoneos;
				SWIFT_COMPILATION_MODE = wholemodule;
				SWIFT_OPTIMIZATION_LEVEL = "-O";
				VALIDATE_PRODUCT = YES;
			};
			name = Release;
		};
		28904B0E237E23DA00588F06 /* Debug */ = {
			isa = XCBuildConfiguration;
			baseConfigurationReference = B97B0F0CC1AFB2179239D292 /* Pods-StudySession.debug.xcconfig */;
			buildSettings = {
				ASSETCATALOG_COMPILER_APPICON_NAME = AppIcon;
				CODE_SIGN_STYLE = Automatic;
				INFOPLIST_FILE = StudySession/Info.plist;
				LD_RUNPATH_SEARCH_PATHS = (
					"$(inherited)",
					"@executable_path/Frameworks",
				);
				PRODUCT_BUNDLE_IDENTIFIER = "Jeremy-Jung.StudySession";
				PRODUCT_NAME = "$(TARGET_NAME)";
				SWIFT_VERSION = 5.0;
				TARGETED_DEVICE_FAMILY = "1,2";
			};
			name = Debug;
		};
		28904B0F237E23DA00588F06 /* Release */ = {
			isa = XCBuildConfiguration;
			baseConfigurationReference = 78DB6414694346DFF48FD6F7 /* Pods-StudySession.release.xcconfig */;
			buildSettings = {
				ASSETCATALOG_COMPILER_APPICON_NAME = AppIcon;
				CODE_SIGN_STYLE = Automatic;
				INFOPLIST_FILE = StudySession/Info.plist;
				LD_RUNPATH_SEARCH_PATHS = (
					"$(inherited)",
					"@executable_path/Frameworks",
				);
				PRODUCT_BUNDLE_IDENTIFIER = "Jeremy-Jung.StudySession";
				PRODUCT_NAME = "$(TARGET_NAME)";
				SWIFT_VERSION = 5.0;
				TARGETED_DEVICE_FAMILY = "1,2";
			};
			name = Release;
		};
/* End XCBuildConfiguration section */

/* Begin XCConfigurationList section */
		28904AF4237E23D800588F06 /* Build configuration list for PBXProject "StudySession" */ = {
			isa = XCConfigurationList;
			buildConfigurations = (
				28904B0B237E23DA00588F06 /* Debug */,
				28904B0C237E23DA00588F06 /* Release */,
			);
			defaultConfigurationIsVisible = 0;
			defaultConfigurationName = Release;
		};
		28904B0D237E23DA00588F06 /* Build configuration list for PBXNativeTarget "StudySession" */ = {
			isa = XCConfigurationList;
			buildConfigurations = (
				28904B0E237E23DA00588F06 /* Debug */,
				28904B0F237E23DA00588F06 /* Release */,
			);
			defaultConfigurationIsVisible = 0;
			defaultConfigurationName = Release;
		};
/* End XCConfigurationList section */
	};
	rootObject = 28904AF1237E23D800588F06 /* Project object */;
}
